
Microsoft Visual Studio Solution File, Format Version 12.00
# Visual Studio 14
VisualStudioVersion = 14.0.25123.0
MinimumVisualStudioVersion = 10.0.40219.1
Project("{8BC9CEB8-8B4A-11D0-8D11-00A0C91BC942}") = "IntroToProgramming", "IntroToProgramming\IntroToProgramming.vcxproj", "{59D55BEB-4D62-41A9-848C-BC36C6A8EDC5}"
EndProject
Project("{8BC9CEB8-8B4A-11D0-8D11-00A0C91BC942}") = "Variables", "Variables\Variables.vcxproj", "{04A99521-9C1C-4017-8587-2D1A9B35DE42}"
EndProject
Project("{8BC9CEB8-8B4A-11D0-8D11-00A0C91BC942}") = "Exercise-Variables", "Exercise-Variables\Exercise-Variables.vcxproj", "{B04BC340-31B0-41B4-8B85-2E4E72086022}"
EndProject
Project("{8BC9CEB8-8B4A-11D0-8D11-00A0C91BC942}") = "ExerciseConditionalStatement", "ExerciseConditionalStatement\ExerciseConditionalStatement.vcxproj", "{A3C89554-DC4C-436A-AFB3-B92ED7D71133}"
EndProject
Project("{8BC9CEB8-8B4A-11D0-8D11-00A0C91BC942}") = "Loops", "Loops\Loops.vcxproj", "{1ADDA6FE-B5DD-48EE-B060-45FEF9A541E1}"
EndProject
Project("{8BC9CEB8-8B4A-11D0-8D11-00A0C91BC942}") = "Array", "Array\Array.vcxproj", "{C41FEA2E-3D3D-4A8F-8823-A1E15D2B34BB}"
EndProject
Project("{8BC9CEB8-8B4A-11D0-8D11-00A0C91BC942}") = "Functions", "Functions\Functions.vcxproj", "{17E324DE-21B7-45F2-B29D-08AC6E067601}"
EndProject
Project("{8BC9CEB8-8B4A-11D0-8D11-00A0C91BC942}") = "Structs", "Structs\Structs.vcxproj", "{E6270A94-E350-49FC-932A-9F70A414BE73}"
EndProject
Project("{8BC9CEB8-8B4A-11D0-8D11-00A0C91BC942}") = "Classes", "Classes\Classes.vcxproj", "{979D424F-A357-43BC-B1D5-5A4A735A598F}"
EndProject
Project("{8BC9CEB8-8B4A-11D0-8D11-00A0C91BC942}") = "References", "References\References.vcxproj", "{243D2680-A6C9-4CC7-B457-9767C0F1E4D1}"
EndProject
Project("{8BC9CEB8-8B4A-11D0-8D11-00A0C91BC942}") = "Morning", "Morning\Morning.vcxproj", "{4C239B9D-17B8-45BA-A64B-7FDEC9B328F0}"
EndProject
Project("{8BC9CEB8-8B4A-11D0-8D11-00A0C91BC942}") = "Pointers", "Pointers\Pointers.vcxproj", "{8F8D1104-86A8-43B2-8BEE-3758751FC807}"
EndProject
Project("{8BC9CEB8-8B4A-11D0-8D11-00A0C91BC942}") = "Inheritance", "Inheritance\Inheritance.vcxproj", "{924C291B-F90D-4264-9CBA-1019953F7F0E}"
EndProject
Project("{8BC9CEB8-8B4A-11D0-8D11-00A0C91BC942}") = "Text Files", "Text Files\Text Files.vcxproj", "{DE9C550C-9E29-4123-B90A-E14C04979E45}"
EndProject
Project("{8BC9CEB8-8B4A-11D0-8D11-00A0C91BC942}") = "Recursion", "Recursion\Recursion.vcxproj", "{77DEF291-7383-46EF-978F-7BAF8D6C9867}"
EndProject
Project("{8BC9CEB8-8B4A-11D0-8D11-00A0C91BC942}") = "RPC", "RPC\RPC.vcxproj", "{EC7D4C3A-97AC-4BA5-9592-357B4BCBD5D5}"
EndProject
Project("{8BC9CEB8-8B4A-11D0-8D11-00A0C91BC942}") = "Templating", "Templating\Templating.vcxproj", "{95025017-1330-4AEA-824B-B22B8422D810}"
EndProject
Global
	GlobalSection(SolutionConfigurationPlatforms) = preSolution
		Debug|x64 = Debug|x64
		Debug|x86 = Debug|x86
		Release|x64 = Release|x64
		Release|x86 = Release|x86
	EndGlobalSection
	GlobalSection(ProjectConfigurationPlatforms) = postSolution
		{59D55BEB-4D62-41A9-848C-BC36C6A8EDC5}.Debug|x64.ActiveCfg = Debug|x64
		{59D55BEB-4D62-41A9-848C-BC36C6A8EDC5}.Debug|x64.Build.0 = Debug|x64
		{59D55BEB-4D62-41A9-848C-BC36C6A8EDC5}.Debug|x86.ActiveCfg = Debug|Win32
		{59D55BEB-4D62-41A9-848C-BC36C6A8EDC5}.Debug|x86.Build.0 = Debug|Win32
		{59D55BEB-4D62-41A9-848C-BC36C6A8EDC5}.Release|x64.ActiveCfg = Release|x64
		{59D55BEB-4D62-41A9-848C-BC36C6A8EDC5}.Release|x64.Build.0 = Release|x64
		{59D55BEB-4D62-41A9-848C-BC36C6A8EDC5}.Release|x86.ActiveCfg = Release|Win32
		{59D55BEB-4D62-41A9-848C-BC36C6A8EDC5}.Release|x86.Build.0 = Release|Win32
		{04A99521-9C1C-4017-8587-2D1A9B35DE42}.Debug|x64.ActiveCfg = Debug|x64
		{04A99521-9C1C-4017-8587-2D1A9B35DE42}.Debug|x64.Build.0 = Debug|x64
		{04A99521-9C1C-4017-8587-2D1A9B35DE42}.Debug|x86.ActiveCfg = Debug|Win32
		{04A99521-9C1C-4017-8587-2D1A9B35DE42}.Debug|x86.Build.0 = Debug|Win32
		{04A99521-9C1C-4017-8587-2D1A9B35DE42}.Release|x64.ActiveCfg = Release|x64
		{04A99521-9C1C-4017-8587-2D1A9B35DE42}.Release|x64.Build.0 = Release|x64
		{04A99521-9C1C-4017-8587-2D1A9B35DE42}.Release|x86.ActiveCfg = Release|Win32
		{04A99521-9C1C-4017-8587-2D1A9B35DE42}.Release|x86.Build.0 = Release|Win32
		{B04BC340-31B0-41B4-8B85-2E4E72086022}.Debug|x64.ActiveCfg = Debug|x64
		{B04BC340-31B0-41B4-8B85-2E4E72086022}.Debug|x64.Build.0 = Debug|x64
		{B04BC340-31B0-41B4-8B85-2E4E72086022}.Debug|x86.ActiveCfg = Debug|Win32
		{B04BC340-31B0-41B4-8B85-2E4E72086022}.Debug|x86.Build.0 = Debug|Win32
		{B04BC340-31B0-41B4-8B85-2E4E72086022}.Release|x64.ActiveCfg = Release|x64
		{B04BC340-31B0-41B4-8B85-2E4E72086022}.Release|x64.Build.0 = Release|x64
		{B04BC340-31B0-41B4-8B85-2E4E72086022}.Release|x86.ActiveCfg = Release|Win32
		{B04BC340-31B0-41B4-8B85-2E4E72086022}.Release|x86.Build.0 = Release|Win32
		{A3C89554-DC4C-436A-AFB3-B92ED7D71133}.Debug|x64.ActiveCfg = Debug|x64
		{A3C89554-DC4C-436A-AFB3-B92ED7D71133}.Debug|x64.Build.0 = Debug|x64
		{A3C89554-DC4C-436A-AFB3-B92ED7D71133}.Debug|x86.ActiveCfg = Debug|Win32
		{A3C89554-DC4C-436A-AFB3-B92ED7D71133}.Debug|x86.Build.0 = Debug|Win32
		{A3C89554-DC4C-436A-AFB3-B92ED7D71133}.Release|x64.ActiveCfg = Release|x64
		{A3C89554-DC4C-436A-AFB3-B92ED7D71133}.Release|x64.Build.0 = Release|x64
		{A3C89554-DC4C-436A-AFB3-B92ED7D71133}.Release|x86.ActiveCfg = Release|Win32
		{A3C89554-DC4C-436A-AFB3-B92ED7D71133}.Release|x86.Build.0 = Release|Win32
		{1ADDA6FE-B5DD-48EE-B060-45FEF9A541E1}.Debug|x64.ActiveCfg = Debug|x64
		{1ADDA6FE-B5DD-48EE-B060-45FEF9A541E1}.Debug|x64.Build.0 = Debug|x64
		{1ADDA6FE-B5DD-48EE-B060-45FEF9A541E1}.Debug|x86.ActiveCfg = Debug|Win32
		{1ADDA6FE-B5DD-48EE-B060-45FEF9A541E1}.Debug|x86.Build.0 = Debug|Win32
		{1ADDA6FE-B5DD-48EE-B060-45FEF9A541E1}.Release|x64.ActiveCfg = Release|x64
		{1ADDA6FE-B5DD-48EE-B060-45FEF9A541E1}.Release|x64.Build.0 = Release|x64
		{1ADDA6FE-B5DD-48EE-B060-45FEF9A541E1}.Release|x86.ActiveCfg = Release|Win32
		{1ADDA6FE-B5DD-48EE-B060-45FEF9A541E1}.Release|x86.Build.0 = Release|Win32
		{C41FEA2E-3D3D-4A8F-8823-A1E15D2B34BB}.Debug|x64.ActiveCfg = Debug|x64
		{C41FEA2E-3D3D-4A8F-8823-A1E15D2B34BB}.Debug|x64.Build.0 = Debug|x64
		{C41FEA2E-3D3D-4A8F-8823-A1E15D2B34BB}.Debug|x86.ActiveCfg = Debug|Win32
		{C41FEA2E-3D3D-4A8F-8823-A1E15D2B34BB}.Debug|x86.Build.0 = Debug|Win32
		{C41FEA2E-3D3D-4A8F-8823-A1E15D2B34BB}.Release|x64.ActiveCfg = Release|x64
		{C41FEA2E-3D3D-4A8F-8823-A1E15D2B34BB}.Release|x64.Build.0 = Release|x64
		{C41FEA2E-3D3D-4A8F-8823-A1E15D2B34BB}.Release|x86.ActiveCfg = Release|Win32
		{C41FEA2E-3D3D-4A8F-8823-A1E15D2B34BB}.Release|x86.Build.0 = Release|Win32
		{17E324DE-21B7-45F2-B29D-08AC6E067601}.Debug|x64.ActiveCfg = Debug|x64
		{17E324DE-21B7-45F2-B29D-08AC6E067601}.Debug|x64.Build.0 = Debug|x64
		{17E324DE-21B7-45F2-B29D-08AC6E067601}.Debug|x86.ActiveCfg = Debug|Win32
		{17E324DE-21B7-45F2-B29D-08AC6E067601}.Debug|x86.Build.0 = Debug|Win32
		{17E324DE-21B7-45F2-B29D-08AC6E067601}.Release|x64.ActiveCfg = Release|x64
		{17E324DE-21B7-45F2-B29D-08AC6E067601}.Release|x64.Build.0 = Release|x64
		{17E324DE-21B7-45F2-B29D-08AC6E067601}.Release|x86.ActiveCfg = Release|Win32
		{17E324DE-21B7-45F2-B29D-08AC6E067601}.Release|x86.Build.0 = Release|Win32
		{E6270A94-E350-49FC-932A-9F70A414BE73}.Debug|x64.ActiveCfg = Debug|x64
		{E6270A94-E350-49FC-932A-9F70A414BE73}.Debug|x64.Build.0 = Debug|x64
		{E6270A94-E350-49FC-932A-9F70A414BE73}.Debug|x86.ActiveCfg = Debug|Win32
		{E6270A94-E350-49FC-932A-9F70A414BE73}.Debug|x86.Build.0 = Debug|Win32
		{E6270A94-E350-49FC-932A-9F70A414BE73}.Release|x64.ActiveCfg = Release|x64
		{E6270A94-E350-49FC-932A-9F70A414BE73}.Release|x64.Build.0 = Release|x64
		{E6270A94-E350-49FC-932A-9F70A414BE73}.Release|x86.ActiveCfg = Release|Win32
		{E6270A94-E350-49FC-932A-9F70A414BE73}.Release|x86.Build.0 = Release|Win32
		{979D424F-A357-43BC-B1D5-5A4A735A598F}.Debug|x64.ActiveCfg = Debug|x64
		{979D424F-A357-43BC-B1D5-5A4A735A598F}.Debug|x64.Build.0 = Debug|x64
		{979D424F-A357-43BC-B1D5-5A4A735A598F}.Debug|x86.ActiveCfg = Debug|Win32
		{979D424F-A357-43BC-B1D5-5A4A735A598F}.Debug|x86.Build.0 = Debug|Win32
		{979D424F-A357-43BC-B1D5-5A4A735A598F}.Release|x64.ActiveCfg = Release|x64
		{979D424F-A357-43BC-B1D5-5A4A735A598F}.Release|x64.Build.0 = Release|x64
		{979D424F-A357-43BC-B1D5-5A4A735A598F}.Release|x86.ActiveCfg = Release|Win32
		{979D424F-A357-43BC-B1D5-5A4A735A598F}.Release|x86.Build.0 = Release|Win32
		{243D2680-A6C9-4CC7-B457-9767C0F1E4D1}.Debug|x64.ActiveCfg = Debug|x64
		{243D2680-A6C9-4CC7-B457-9767C0F1E4D1}.Debug|x64.Build.0 = Debug|x64
		{243D2680-A6C9-4CC7-B457-9767C0F1E4D1}.Debug|x86.ActiveCfg = Debug|Win32
		{243D2680-A6C9-4CC7-B457-9767C0F1E4D1}.Debug|x86.Build.0 = Debug|Win32
		{243D2680-A6C9-4CC7-B457-9767C0F1E4D1}.Release|x64.ActiveCfg = Release|x64
		{243D2680-A6C9-4CC7-B457-9767C0F1E4D1}.Release|x64.Build.0 = Release|x64
		{243D2680-A6C9-4CC7-B457-9767C0F1E4D1}.Release|x86.ActiveCfg = Release|Win32
		{243D2680-A6C9-4CC7-B457-9767C0F1E4D1}.Release|x86.Build.0 = Release|Win32
		{4C239B9D-17B8-45BA-A64B-7FDEC9B328F0}.Debug|x64.ActiveCfg = Debug|x64
		{4C239B9D-17B8-45BA-A64B-7FDEC9B328F0}.Debug|x64.Build.0 = Debug|x64
		{4C239B9D-17B8-45BA-A64B-7FDEC9B328F0}.Debug|x86.ActiveCfg = Debug|Win32
		{4C239B9D-17B8-45BA-A64B-7FDEC9B328F0}.Debug|x86.Build.0 = Debug|Win32
		{4C239B9D-17B8-45BA-A64B-7FDEC9B328F0}.Release|x64.ActiveCfg = Release|x64
		{4C239B9D-17B8-45BA-A64B-7FDEC9B328F0}.Release|x64.Build.0 = Release|x64
		{4C239B9D-17B8-45BA-A64B-7FDEC9B328F0}.Release|x86.ActiveCfg = Release|Win32
		{4C239B9D-17B8-45BA-A64B-7FDEC9B328F0}.Release|x86.Build.0 = Release|Win32
		{8F8D1104-86A8-43B2-8BEE-3758751FC807}.Debug|x64.ActiveCfg = Debug|x64
		{8F8D1104-86A8-43B2-8BEE-3758751FC807}.Debug|x64.Build.0 = Debug|x64
		{8F8D1104-86A8-43B2-8BEE-3758751FC807}.Debug|x86.ActiveCfg = Debug|Win32
		{8F8D1104-86A8-43B2-8BEE-3758751FC807}.Debug|x86.Build.0 = Debug|Win32
		{8F8D1104-86A8-43B2-8BEE-3758751FC807}.Release|x64.ActiveCfg = Release|x64
		{8F8D1104-86A8-43B2-8BEE-3758751FC807}.Release|x64.Build.0 = Release|x64
		{8F8D1104-86A8-43B2-8BEE-3758751FC807}.Release|x86.ActiveCfg = Release|Win32
		{8F8D1104-86A8-43B2-8BEE-3758751FC807}.Release|x86.Build.0 = Release|Win32
		{924C291B-F90D-4264-9CBA-1019953F7F0E}.Debug|x64.ActiveCfg = Debug|x64
		{924C291B-F90D-4264-9CBA-1019953F7F0E}.Debug|x64.Build.0 = Debug|x64
		{924C291B-F90D-4264-9CBA-1019953F7F0E}.Debug|x86.ActiveCfg = Debug|Win32
		{924C291B-F90D-4264-9CBA-1019953F7F0E}.Debug|x86.Build.0 = Debug|Win32
		{924C291B-F90D-4264-9CBA-1019953F7F0E}.Release|x64.ActiveCfg = Release|x64
		{924C291B-F90D-4264-9CBA-1019953F7F0E}.Release|x64.Build.0 = Release|x64
		{924C291B-F90D-4264-9CBA-1019953F7F0E}.Release|x86.ActiveCfg = Release|Win32
		{924C291B-F90D-4264-9CBA-1019953F7F0E}.Release|x86.Build.0 = Release|Win32
		{DE9C550C-9E29-4123-B90A-E14C04979E45}.Debug|x64.ActiveCfg = Debug|x64
		{DE9C550C-9E29-4123-B90A-E14C04979E45}.Debug|x64.Build.0 = Debug|x64
		{DE9C550C-9E29-4123-B90A-E14C04979E45}.Debug|x86.ActiveCfg = Debug|Win32
		{DE9C550C-9E29-4123-B90A-E14C04979E45}.Debug|x86.Build.0 = Debug|Win32
		{DE9C550C-9E29-4123-B90A-E14C04979E45}.Release|x64.ActiveCfg = Release|x64
		{DE9C550C-9E29-4123-B90A-E14C04979E45}.Release|x64.Build.0 = Release|x64
		{DE9C550C-9E29-4123-B90A-E14C04979E45}.Release|x86.ActiveCfg = Release|Win32
		{DE9C550C-9E29-4123-B90A-E14C04979E45}.Release|x86.Build.0 = Release|Win32
		{77DEF291-7383-46EF-978F-7BAF8D6C9867}.Debug|x64.ActiveCfg = Debug|x64
		{77DEF291-7383-46EF-978F-7BAF8D6C9867}.Debug|x64.Build.0 = Debug|x64
		{77DEF291-7383-46EF-978F-7BAF8D6C9867}.Debug|x86.ActiveCfg = Debug|Win32
		{77DEF291-7383-46EF-978F-7BAF8D6C9867}.Debug|x86.Build.0 = Debug|Win32
		{77DEF291-7383-46EF-978F-7BAF8D6C9867}.Release|x64.ActiveCfg = Release|x64
		{77DEF291-7383-46EF-978F-7BAF8D6C9867}.Release|x64.Build.0 = Release|x64
		{77DEF291-7383-46EF-978F-7BAF8D6C9867}.Release|x86.ActiveCfg = Release|Win32
		{77DEF291-7383-46EF-978F-7BAF8D6C9867}.Release|x86.Build.0 = Release|Win32
		{EC7D4C3A-97AC-4BA5-9592-357B4BCBD5D5}.Debug|x64.ActiveCfg = Debug|x64
		{EC7D4C3A-97AC-4BA5-9592-357B4BCBD5D5}.Debug|x64.Build.0 = Debug|x64
		{EC7D4C3A-97AC-4BA5-9592-357B4BCBD5D5}.Debug|x86.ActiveCfg = Debug|Win32
		{EC7D4C3A-97AC-4BA5-9592-357B4BCBD5D5}.Debug|x86.Build.0 = Debug|Win32
		{EC7D4C3A-97AC-4BA5-9592-357B4BCBD5D5}.Release|x64.ActiveCfg = Release|x64
		{EC7D4C3A-97AC-4BA5-9592-357B4BCBD5D5}.Release|x64.Build.0 = Release|x64
		{EC7D4C3A-97AC-4BA5-9592-357B4BCBD5D5}.Release|x86.ActiveCfg = Release|Win32
		{EC7D4C3A-97AC-4BA5-9592-357B4BCBD5D5}.Release|x86.Build.0 = Release|Win32
		{95025017-1330-4AEA-824B-B22B8422D810}.Debug|x64.ActiveCfg = Debug|x64
		{95025017-1330-4AEA-824B-B22B8422D810}.Debug|x64.Build.0 = Debug|x64
		{95025017-1330-4AEA-824B-B22B8422D810}.Debug|x86.ActiveCfg = Debug|Win32
		{95025017-1330-4AEA-824B-B22B8422D810}.Debug|x86.Build.0 = Debug|Win32
		{95025017-1330-4AEA-824B-B22B8422D810}.Release|x64.ActiveCfg = Release|x64
		{95025017-1330-4AEA-824B-B22B8422D810}.Release|x64.Build.0 = Release|x64
		{95025017-1330-4AEA-824B-B22B8422D810}.Release|x86.ActiveCfg = Release|Win32
		{95025017-1330-4AEA-824B-B22B8422D810}.Release|x86.Build.0 = Release|Win32
	EndGlobalSection
	GlobalSection(SolutionProperties) = preSolution
		HideSolutionNode = FALSE
	EndGlobalSection
EndGlobal
